
Microsoft Visual Studio Solution File, Format Version 12.00
# Visual Studio Version 17
VisualStudioVersion = 17.6.33829.357
MinimumVisualStudioVersion = 10.0.40219.1
Project("{FAE04EC0-301F-11D3-BF4B-00C04F79EFBC}") = "BookManagement", "BookManagement.csproj", "{DA9CFA66-6DCE-4B75-9143-E3D9476CE70D}"
EndProject
Global
	GlobalSection(SolutionConfigurationPlatforms) = preSolution
		Debug|Any CPU = Debug|Any CPU
		Release|Any CPU = Release|Any CPU
	EndGlobalSection
	GlobalSection(ProjectConfigurationPlatforms) = postSolution
		{DA9CFA66-6DCE-4B75-9143-E3D9476CE70D}.Debug|Any CPU.ActiveCfg = Debug|Any CPU
		{DA9CFA66-6DCE-4B75-9143-E3D9476CE70D}.Debug|Any CPU.Build.0 = Debug|Any CPU
		{DA9CFA66-6DCE-4B75-9143-E3D9476CE70D}.Release|Any CPU.ActiveCfg = Release|Any CPU
		{DA9CFA66-6DCE-4B75-9143-E3D9476CE70D}.Release|Any CPU.Build.0 = Release|Any CPU
	EndGlobalSection
	GlobalSection(SolutionProperties) = preSolution
		HideSolutionNode = FALSE
	EndGlobalSection
	GlobalSection(ExtensibilityGlobals) = postSolution
		SolutionGuid = {0907DB35-D0A9-4EC3-9672-2461FD80F7FC}
	EndGlobalSection
EndGlobal
